
Microsoft Visual Studio Solution File, Format Version 12.00
# Visual Studio 15
VisualStudioVersion = 15.0.28010.2016
MinimumVisualStudioVersion = 10.0.40219.1
Project("{FAE04EC0-301F-11D3-BF4B-00C04F79EFBC}") = "Seminar№7", "Seminar№7\Seminar№7.csproj", "{0E4EC390-3FC5-4810-A345-F8888FABEE66}"
EndProject
Global
	GlobalSection(SolutionConfigurationPlatforms) = preSolution
		Debug|Any CPU = Debug|Any CPU
		Release|Any CPU = Release|Any CPU
	EndGlobalSection
	GlobalSection(ProjectConfigurationPlatforms) = postSolution
		{0E4EC390-3FC5-4810-A345-F8888FABEE66}.Debug|Any CPU.ActiveCfg = Debug|Any CPU
		{0E4EC390-3FC5-4810-A345-F8888FABEE66}.Debug|Any CPU.Build.0 = Debug|Any CPU
		{0E4EC390-3FC5-4810-A345-F8888FABEE66}.Release|Any CPU.ActiveCfg = Release|Any CPU
		{0E4EC390-3FC5-4810-A345-F8888FABEE66}.Release|Any CPU.Build.0 = Release|Any CPU
	EndGlobalSection
	GlobalSection(SolutionProperties) = preSolution
		HideSolutionNode = FALSE
	EndGlobalSection
	GlobalSection(ExtensibilityGlobals) = postSolution
		SolutionGuid = {436EAB37-86DB-4544-8776-135A92686841}
	EndGlobalSection
EndGlobal
