
Microsoft Visual Studio Solution File, Format Version 12.00
# Visual Studio 15
VisualStudioVersion = 15.0.28010.2016
MinimumVisualStudioVersion = 10.0.40219.1
Project("{FAE04EC0-301F-11D3-BF4B-00C04F79EFBC}") = "Seminar4", "Seminar4\Seminar4.csproj", "{0005A1F2-B018-47C6-A8C3-9E9EC8AD9CE8}"
EndProject
Global
	GlobalSection(SolutionConfigurationPlatforms) = preSolution
		Debug|Any CPU = Debug|Any CPU
		Release|Any CPU = Release|Any CPU
	EndGlobalSection
	GlobalSection(ProjectConfigurationPlatforms) = postSolution
		{0005A1F2-B018-47C6-A8C3-9E9EC8AD9CE8}.Debug|Any CPU.ActiveCfg = Debug|Any CPU
		{0005A1F2-B018-47C6-A8C3-9E9EC8AD9CE8}.Debug|Any CPU.Build.0 = Debug|Any CPU
		{0005A1F2-B018-47C6-A8C3-9E9EC8AD9CE8}.Release|Any CPU.ActiveCfg = Release|Any CPU
		{0005A1F2-B018-47C6-A8C3-9E9EC8AD9CE8}.Release|Any CPU.Build.0 = Release|Any CPU
	EndGlobalSection
	GlobalSection(SolutionProperties) = preSolution
		HideSolutionNode = FALSE
	EndGlobalSection
	GlobalSection(ExtensibilityGlobals) = postSolution
		SolutionGuid = {FB8C86B1-A83C-4C00-84AF-2C298421C131}
	EndGlobalSection
EndGlobal
